
Microsoft Visual Studio Solution File, Format Version 12.00
# Visual Studio Version 17
VisualStudioVersion = 17.14.36221.1
MinimumVisualStudioVersion = 10.0.40219.1
Project("{8BC9CEB8-8B4A-11D0-8D11-00A0C91BC942}") = "auto", "auto\auto.vcxproj", "{289CD31C-A06B-4EC8-BE2C-E1991761B2E7}"
EndProject
Project("{8BC9CEB8-8B4A-11D0-8D11-00A0C91BC942}") = "Test_STL", "Test_STL\Test_STL.vcxproj", "{76C5E989-29A1-42A2-89A0-3AF9E2AAE0C1}"
EndProject
Project("{8BC9CEB8-8B4A-11D0-8D11-00A0C91BC942}") = "typeid", "typeid\typeid.vcxproj", "{C6925276-B721-4AC7-8B5D-61D197C6E1DC}"
EndProject
Project("{8BC9CEB8-8B4A-11D0-8D11-00A0C91BC942}") = "decltype", "decltype\decltype.vcxproj", "{40D24FCD-F59E-4851-96F0-D205FBC0A31A}"
EndProject
Project("{8BC9CEB8-8B4A-11D0-8D11-00A0C91BC942}") = "template_type", "template_type\template_type.vcxproj", "{3C128806-C460-4836-9333-C07585B0BCE0}"
EndProject
Project("{8BC9CEB8-8B4A-11D0-8D11-00A0C91BC942}") = "auto_type", "auto_type\auto_type.vcxproj", "{B0957DF1-C249-42D3-8B8D-670E2C720E0C}"
EndProject
Global
	GlobalSection(SolutionConfigurationPlatforms) = preSolution
		Debug|x64 = Debug|x64
		Debug|x86 = Debug|x86
		Release|x64 = Release|x64
		Release|x86 = Release|x86
	EndGlobalSection
	GlobalSection(ProjectConfigurationPlatforms) = postSolution
		{289CD31C-A06B-4EC8-BE2C-E1991761B2E7}.Debug|x64.ActiveCfg = Debug|x64
		{289CD31C-A06B-4EC8-BE2C-E1991761B2E7}.Debug|x64.Build.0 = Debug|x64
		{289CD31C-A06B-4EC8-BE2C-E1991761B2E7}.Debug|x86.ActiveCfg = Debug|Win32
		{289CD31C-A06B-4EC8-BE2C-E1991761B2E7}.Debug|x86.Build.0 = Debug|Win32
		{289CD31C-A06B-4EC8-BE2C-E1991761B2E7}.Release|x64.ActiveCfg = Release|x64
		{289CD31C-A06B-4EC8-BE2C-E1991761B2E7}.Release|x64.Build.0 = Release|x64
		{289CD31C-A06B-4EC8-BE2C-E1991761B2E7}.Release|x86.ActiveCfg = Release|Win32
		{289CD31C-A06B-4EC8-BE2C-E1991761B2E7}.Release|x86.Build.0 = Release|Win32
		{76C5E989-29A1-42A2-89A0-3AF9E2AAE0C1}.Debug|x64.ActiveCfg = Debug|x64
		{76C5E989-29A1-42A2-89A0-3AF9E2AAE0C1}.Debug|x64.Build.0 = Debug|x64
		{76C5E989-29A1-42A2-89A0-3AF9E2AAE0C1}.Debug|x86.ActiveCfg = Debug|Win32
		{76C5E989-29A1-42A2-89A0-3AF9E2AAE0C1}.Debug|x86.Build.0 = Debug|Win32
		{76C5E989-29A1-42A2-89A0-3AF9E2AAE0C1}.Release|x64.ActiveCfg = Release|x64
		{76C5E989-29A1-42A2-89A0-3AF9E2AAE0C1}.Release|x64.Build.0 = Release|x64
		{76C5E989-29A1-42A2-89A0-3AF9E2AAE0C1}.Release|x86.ActiveCfg = Release|Win32
		{76C5E989-29A1-42A2-89A0-3AF9E2AAE0C1}.Release|x86.Build.0 = Release|Win32
		{C6925276-B721-4AC7-8B5D-61D197C6E1DC}.Debug|x64.ActiveCfg = Debug|x64
		{C6925276-B721-4AC7-8B5D-61D197C6E1DC}.Debug|x64.Build.0 = Debug|x64
		{C6925276-B721-4AC7-8B5D-61D197C6E1DC}.Debug|x86.ActiveCfg = Debug|Win32
		{C6925276-B721-4AC7-8B5D-61D197C6E1DC}.Debug|x86.Build.0 = Debug|Win32
		{C6925276-B721-4AC7-8B5D-61D197C6E1DC}.Release|x64.ActiveCfg = Release|x64
		{C6925276-B721-4AC7-8B5D-61D197C6E1DC}.Release|x64.Build.0 = Release|x64
		{C6925276-B721-4AC7-8B5D-61D197C6E1DC}.Release|x86.ActiveCfg = Release|Win32
		{C6925276-B721-4AC7-8B5D-61D197C6E1DC}.Release|x86.Build.0 = Release|Win32
		{40D24FCD-F59E-4851-96F0-D205FBC0A31A}.Debug|x64.ActiveCfg = Debug|x64
		{40D24FCD-F59E-4851-96F0-D205FBC0A31A}.Debug|x64.Build.0 = Debug|x64
		{40D24FCD-F59E-4851-96F0-D205FBC0A31A}.Debug|x86.ActiveCfg = Debug|Win32
		{40D24FCD-F59E-4851-96F0-D205FBC0A31A}.Debug|x86.Build.0 = Debug|Win32
		{40D24FCD-F59E-4851-96F0-D205FBC0A31A}.Release|x64.ActiveCfg = Release|x64
		{40D24FCD-F59E-4851-96F0-D205FBC0A31A}.Release|x64.Build.0 = Release|x64
		{40D24FCD-F59E-4851-96F0-D205FBC0A31A}.Release|x86.ActiveCfg = Release|Win32
		{40D24FCD-F59E-4851-96F0-D205FBC0A31A}.Release|x86.Build.0 = Release|Win32
		{3C128806-C460-4836-9333-C07585B0BCE0}.Debug|x64.ActiveCfg = Debug|x64
		{3C128806-C460-4836-9333-C07585B0BCE0}.Debug|x64.Build.0 = Debug|x64
		{3C128806-C460-4836-9333-C07585B0BCE0}.Debug|x86.ActiveCfg = Debug|Win32
		{3C128806-C460-4836-9333-C07585B0BCE0}.Debug|x86.Build.0 = Debug|Win32
		{3C128806-C460-4836-9333-C07585B0BCE0}.Release|x64.ActiveCfg = Release|x64
		{3C128806-C460-4836-9333-C07585B0BCE0}.Release|x64.Build.0 = Release|x64
		{3C128806-C460-4836-9333-C07585B0BCE0}.Release|x86.ActiveCfg = Release|Win32
		{3C128806-C460-4836-9333-C07585B0BCE0}.Release|x86.Build.0 = Release|Win32
		{B0957DF1-C249-42D3-8B8D-670E2C720E0C}.Debug|x64.ActiveCfg = Debug|x64
		{B0957DF1-C249-42D3-8B8D-670E2C720E0C}.Debug|x64.Build.0 = Debug|x64
		{B0957DF1-C249-42D3-8B8D-670E2C720E0C}.Debug|x86.ActiveCfg = Debug|Win32
		{B0957DF1-C249-42D3-8B8D-670E2C720E0C}.Debug|x86.Build.0 = Debug|Win32
		{B0957DF1-C249-42D3-8B8D-670E2C720E0C}.Release|x64.ActiveCfg = Release|x64
		{B0957DF1-C249-42D3-8B8D-670E2C720E0C}.Release|x64.Build.0 = Release|x64
		{B0957DF1-C249-42D3-8B8D-670E2C720E0C}.Release|x86.ActiveCfg = Release|Win32
		{B0957DF1-C249-42D3-8B8D-670E2C720E0C}.Release|x86.Build.0 = Release|Win32
	EndGlobalSection
	GlobalSection(SolutionProperties) = preSolution
		HideSolutionNode = FALSE
	EndGlobalSection
	GlobalSection(ExtensibilityGlobals) = postSolution
		SolutionGuid = {4021243D-9F0C-4CFA-BE23-6F591538CB11}
	EndGlobalSection
EndGlobal
